
Microsoft Visual Studio Solution File, Format Version 12.00
# Visual Studio Version 16
VisualStudioVersion = 16.0.30907.101
MinimumVisualStudioVersion = 10.0.40219.1
Project("{FAE04EC0-301F-11D3-BF4B-00C04F79EFBC}") = "GraphQLProject", "GraphQLProject\GraphQLProject.csproj", "{DF7B9166-AD61-48FC-B6EB-44C3A58CF3F2}"
EndProject
Global
	GlobalSection(SolutionConfigurationPlatforms) = preSolution
		Debug|Any CPU = Debug|Any CPU
		Release|Any CPU = Release|Any CPU
	EndGlobalSection
	GlobalSection(ProjectConfigurationPlatforms) = postSolution
		{DF7B9166-AD61-48FC-B6EB-44C3A58CF3F2}.Debug|Any CPU.ActiveCfg = Debug|Any CPU
		{DF7B9166-AD61-48FC-B6EB-44C3A58CF3F2}.Debug|Any CPU.Build.0 = Debug|Any CPU
		{DF7B9166-AD61-48FC-B6EB-44C3A58CF3F2}.Release|Any CPU.ActiveCfg = Release|Any CPU
		{DF7B9166-AD61-48FC-B6EB-44C3A58CF3F2}.Release|Any CPU.Build.0 = Release|Any CPU
	EndGlobalSection
	GlobalSection(SolutionProperties) = preSolution
		HideSolutionNode = FALSE
	EndGlobalSection
	GlobalSection(ExtensibilityGlobals) = postSolution
		SolutionGuid = {DA456E62-4E93-41B3-8714-B3FACC8FFCB5}
	EndGlobalSection
EndGlobal
